
Microsoft Visual Studio Solution File, Format Version 12.00
# Visual Studio 15
VisualStudioVersion = 15.0.28307.271
MinimumVisualStudioVersion = 10.0.40219.1
Project("{FAE04EC0-301F-11D3-BF4B-00C04F79EFBC}") = "E-Commerce Web App", "E-Commerce Web App\E-Commerce Web App.csproj", "{609F21D6-C36D-4AA9-B20B-A04C76D3140F}"
EndProject
Global
	GlobalSection(SolutionConfigurationPlatforms) = preSolution
		Debug|Any CPU = Debug|Any CPU
		Release|Any CPU = Release|Any CPU
	EndGlobalSection
	GlobalSection(ProjectConfigurationPlatforms) = postSolution
		{609F21D6-C36D-4AA9-B20B-A04C76D3140F}.Debug|Any CPU.ActiveCfg = Debug|Any CPU
		{609F21D6-C36D-4AA9-B20B-A04C76D3140F}.Debug|Any CPU.Build.0 = Debug|Any CPU
		{609F21D6-C36D-4AA9-B20B-A04C76D3140F}.Release|Any CPU.ActiveCfg = Release|Any CPU
		{609F21D6-C36D-4AA9-B20B-A04C76D3140F}.Release|Any CPU.Build.0 = Release|Any CPU
	EndGlobalSection
	GlobalSection(SolutionProperties) = preSolution
		HideSolutionNode = FALSE
	EndGlobalSection
	GlobalSection(ExtensibilityGlobals) = postSolution
		SolutionGuid = {818D2194-EFD7-4565-8E27-865FE838D747}
	EndGlobalSection
EndGlobal
